{
  "name": "clubeleven",
  "version": "1.0.0",
  "lockfileVersion": 1,
  "requires": true,
  "dependencies": {
    "bulma": {
      "version": "0.6.2",
      "resolved": "https://registry.npmjs.org/bulma/-/bulma-0.6.2.tgz",
      "integrity": "sha1-9LHRHVrMUaeWROsKKwsQZJ09cfU="
    },
    "intercooler": {
      "version": "1.2.1",
      "resolved": "https://registry.npmjs.org/intercooler/-/intercooler-1.2.1.tgz",
      "integrity": "sha512-2/UV4RTZltP8tlV16fqu94aum4zO3uTbDcv843qjGInd+Lf2Pfm2gs2gIlCx5fYo6yUSz9cEwqc3r/+SddugMg=="
    },
    "zepto": {
      "version": "1.2.0",
      "resolved": "https://registry.npmjs.org/zepto/-/zepto-1.2.0.tgz",
      "integrity": "sha1-4Se9nmb9hGvl6rSME5SIL3wOT5g="
    }
  }
}
